
Microsoft Visual Studio Solution File, Format Version 12.00
Project("{FAE04EC0-301F-11D3-BF4B-00C04F79EFBC}") = "CoreBuyNow", "CoreBuyNow\CoreBuyNow.csproj", "{482736A1-3B1F-4329-9DF1-71C84F62BB27}"
EndProject
Global
	GlobalSection(SolutionConfigurationPlatforms) = preSolution
		Debug|Any CPU = Debug|Any CPU
		Release|Any CPU = Release|Any CPU
	EndGlobalSection
	GlobalSection(ProjectConfigurationPlatforms) = postSolution
		{482736A1-3B1F-4329-9DF1-71C84F62BB27}.Debug|Any CPU.ActiveCfg = Debug|Any CPU
		{482736A1-3B1F-4329-9DF1-71C84F62BB27}.Debug|Any CPU.Build.0 = Debug|Any CPU
		{482736A1-3B1F-4329-9DF1-71C84F62BB27}.Release|Any CPU.ActiveCfg = Release|Any CPU
		{482736A1-3B1F-4329-9DF1-71C84F62BB27}.Release|Any CPU.Build.0 = Release|Any CPU
	EndGlobalSection
EndGlobal
